
Microsoft Visual Studio Solution File, Format Version 12.00
# Visual Studio 14
VisualStudioVersion = 14.0.25420.1
MinimumVisualStudioVersion = 10.0.40219.1
Project("{2150E333-8FDC-42A3-9474-1A3956D46DE8}") = "Criação", "Criação", "{B5E8CA21-07C5-467A-8D32-139649C5E8D5}"
EndProject
Project("{FAE04EC0-301F-11D3-BF4B-00C04F79EFBC}") = "Singleton", "Singleton\Singleton.csproj", "{53ED31B8-5737-4FEB-AEA3-B717A840E34A}"
EndProject
Project("{FAE04EC0-301F-11D3-BF4B-00C04F79EFBC}") = "ConsoleUI", "ConsoleUI\ConsoleUI.csproj", "{68D6815F-57F7-459B-B16C-E932A5E78CB5}"
EndProject
Project("{FAE04EC0-301F-11D3-BF4B-00C04F79EFBC}") = "FactoryMethod", "FactoryMethod\FactoryMethod.csproj", "{2FA270FE-1FF6-4F9B-9E60-C68FF81125AC}"
EndProject
Project("{FAE04EC0-301F-11D3-BF4B-00C04F79EFBC}") = "AbstractFactory", "AbstractFactory\AbstractFactory.csproj", "{F39F08C4-2C03-4C69-909B-6C89C5009C0B}"
EndProject
Global
	GlobalSection(SolutionConfigurationPlatforms) = preSolution
		Debug|Any CPU = Debug|Any CPU
		Release|Any CPU = Release|Any CPU
	EndGlobalSection
	GlobalSection(ProjectConfigurationPlatforms) = postSolution
		{53ED31B8-5737-4FEB-AEA3-B717A840E34A}.Debug|Any CPU.ActiveCfg = Debug|Any CPU
		{53ED31B8-5737-4FEB-AEA3-B717A840E34A}.Debug|Any CPU.Build.0 = Debug|Any CPU
		{53ED31B8-5737-4FEB-AEA3-B717A840E34A}.Release|Any CPU.ActiveCfg = Release|Any CPU
		{53ED31B8-5737-4FEB-AEA3-B717A840E34A}.Release|Any CPU.Build.0 = Release|Any CPU
		{68D6815F-57F7-459B-B16C-E932A5E78CB5}.Debug|Any CPU.ActiveCfg = Debug|Any CPU
		{68D6815F-57F7-459B-B16C-E932A5E78CB5}.Debug|Any CPU.Build.0 = Debug|Any CPU
		{68D6815F-57F7-459B-B16C-E932A5E78CB5}.Release|Any CPU.ActiveCfg = Release|Any CPU
		{68D6815F-57F7-459B-B16C-E932A5E78CB5}.Release|Any CPU.Build.0 = Release|Any CPU
		{2FA270FE-1FF6-4F9B-9E60-C68FF81125AC}.Debug|Any CPU.ActiveCfg = Debug|Any CPU
		{2FA270FE-1FF6-4F9B-9E60-C68FF81125AC}.Debug|Any CPU.Build.0 = Debug|Any CPU
		{2FA270FE-1FF6-4F9B-9E60-C68FF81125AC}.Release|Any CPU.ActiveCfg = Release|Any CPU
		{2FA270FE-1FF6-4F9B-9E60-C68FF81125AC}.Release|Any CPU.Build.0 = Release|Any CPU
		{F39F08C4-2C03-4C69-909B-6C89C5009C0B}.Debug|Any CPU.ActiveCfg = Debug|Any CPU
		{F39F08C4-2C03-4C69-909B-6C89C5009C0B}.Debug|Any CPU.Build.0 = Debug|Any CPU
		{F39F08C4-2C03-4C69-909B-6C89C5009C0B}.Release|Any CPU.ActiveCfg = Release|Any CPU
		{F39F08C4-2C03-4C69-909B-6C89C5009C0B}.Release|Any CPU.Build.0 = Release|Any CPU
	EndGlobalSection
	GlobalSection(SolutionProperties) = preSolution
		HideSolutionNode = FALSE
	EndGlobalSection
	GlobalSection(NestedProjects) = preSolution
		{53ED31B8-5737-4FEB-AEA3-B717A840E34A} = {B5E8CA21-07C5-467A-8D32-139649C5E8D5}
		{2FA270FE-1FF6-4F9B-9E60-C68FF81125AC} = {B5E8CA21-07C5-467A-8D32-139649C5E8D5}
		{F39F08C4-2C03-4C69-909B-6C89C5009C0B} = {B5E8CA21-07C5-467A-8D32-139649C5E8D5}
	EndGlobalSection
EndGlobal
